# THIS IS AN AUTOGENERATED FILE. DO NOT EDIT THIS FILE DIRECTLY.
# yarn lockfile v1


"@babel/parser@^7.16.4":
  version "7.20.7"
  resolved "https://registry.npmjs.org/@babel/parser/-/parser-7.20.7.tgz"

"@esbuild/android-arm64@0.16.16":
  version "0.16.16"
  resolved "https://registry.yarnpkg.com/@esbuild/android-arm64/-/android-arm64-0.16.16.tgz#833184b8a0a96f9c85105c53d0a67e6d3c5c3f07"

"@esbuild/android-arm@0.16.16":
  version "0.16.16"
  resolved "https://registry.yarnpkg.com/@esbuild/android-arm/-/android-arm-0.16.16.tgz#23761b2fd1dfa4806161dbfc9e0824f04061cb95"

"@esbuild/android-x64@0.16.16":
  version "0.16.16"
  resolved "https://registry.yarnpkg.com/@esbuild/android-x64/-/android-x64-0.16.16.tgz#ffa09f04c0ffea5b594ab7655fc9ca1220365e9b"

"@esbuild/darwin-arm64@0.16.16":
  version "0.16.16"
  resolved "https://registry.yarnpkg.com/@esbuild/darwin-arm64/-/darwin-arm64-0.16.16.tgz#62ed2b4bfab594b9e5e708580361f1d059b53b26"

"@esbuild/darwin-x64@0.16.16":
  version "0.16.16"
  resolved "https://registry.yarnpkg.com/@esbuild/darwin-x64/-/darwin-x64-0.16.16.tgz#e9756d34cd9b3737a5354e89ca0fdca32d8df64c"

"@esbuild/freebsd-arm64@0.16.16":
  version "0.16.16"
  resolved "https://registry.yarnpkg.com/@esbuild/freebsd-arm64/-/freebsd-arm64-0.16.16.tgz#db7bce444d372e5a213a3f359c42aee3acc0dd45"

"@esbuild/freebsd-x64@0.16.16":
  version "0.16.16"
  resolved "https://registry.yarnpkg.com/@esbuild/freebsd-x64/-/freebsd-x64-0.16.16.tgz#02e8a81b7e56040b5eb883896de445a6cd3501f0"

"@esbuild/linux-arm64@0.16.16":
  version "0.16.16"
  resolved "https://registry.yarnpkg.com/@esbuild/linux-arm64/-/linux-arm64-0.16.16.tgz#ea8c3df172644fa6437f0083c2a38b50f89e5b98"

"@esbuild/linux-arm@0.16.16":
  version "0.16.16"
  resolved "https://registry.yarnpkg.com/@esbuild/linux-arm/-/linux-arm-0.16.16.tgz#c1c2e97e67bb7247e6f60e2644de057bfedb8cbb"

"@esbuild/linux-ia32@0.16.16":
  version "0.16.16"
  resolved "https://registry.yarnpkg.com/@esbuild/linux-ia32/-/linux-ia32-0.16.16.tgz#9a0b0e926926f891a3e7f7c50bb38e3db49c2c9a"

"@esbuild/linux-loong64@0.16.16":
  version "0.16.16"
  resolved "https://registry.yarnpkg.com/@esbuild/linux-loong64/-/linux-loong64-0.16.16.tgz#c5a50ff5981d457ed45f42c3f06a60086759c79b"

"@esbuild/linux-mips64el@0.16.16":
  version "0.16.16"
  resolved "https://registry.yarnpkg.com/@esbuild/linux-mips64el/-/linux-mips64el-0.16.16.tgz#e85b7e3c25000be2ae373e5208e55e282a9763e0"

"@esbuild/linux-ppc64@0.16.16":
  version "0.16.16"
  resolved "https://registry.yarnpkg.com/@esbuild/linux-ppc64/-/linux-ppc64-0.16.16.tgz#24a0013bf727830df44fece571172ebe31b5c5e6"

"@esbuild/linux-riscv64@0.16.16":
  version "0.16.16"
  resolved "https://registry.yarnpkg.com/@esbuild/linux-riscv64/-/linux-riscv64-0.16.16.tgz#b080998d8d0480e8235f1384c585ae505e98a19d"

"@esbuild/linux-s390x@0.16.16":
  version "0.16.16"
  resolved "https://registry.yarnpkg.com/@esbuild/linux-s390x/-/linux-s390x-0.16.16.tgz#5042de05b9b653dfd134f05e1b37b61704c14c42"

"@esbuild/linux-x64@0.16.16":
  version "0.16.16"
  resolved "https://registry.yarnpkg.com/@esbuild/linux-x64/-/linux-x64-0.16.16.tgz#b7c0750f2276c9dcf41f0f2229adca46ef22f698"

"@esbuild/netbsd-x64@0.16.16":
  version "0.16.16"
  resolved "https://registry.yarnpkg.com/@esbuild/netbsd-x64/-/netbsd-x64-0.16.16.tgz#e2a0ee181fbbe834174d26e24ce1b258232bb3eb"

"@esbuild/openbsd-x64@0.16.16":
  version "0.16.16"
  resolved "https://registry.yarnpkg.com/@esbuild/openbsd-x64/-/openbsd-x64-0.16.16.tgz#87a84c1932e00f52ab3380c31facf0e48086ffb9"

"@esbuild/sunos-x64@0.16.16":
  version "0.16.16"
  resolved "https://registry.yarnpkg.com/@esbuild/sunos-x64/-/sunos-x64-0.16.16.tgz#996bcd2603cd345733c3aa5f52bfd5b8fa7d1d36"

"@esbuild/win32-arm64@0.16.16":
  version "0.16.16"
  resolved "https://registry.yarnpkg.com/@esbuild/win32-arm64/-/win32-arm64-0.16.16.tgz#404a9411d12533d0f2ce0a85df6ddb32e851ef04"

"@esbuild/win32-ia32@0.16.16":
  version "0.16.16"
  resolved "https://registry.yarnpkg.com/@esbuild/win32-ia32/-/win32-ia32-0.16.16.tgz#bb5655a48f5f87fee870061883411f5149bc5e44"

"@esbuild/win32-x64@0.16.16":
  version "0.16.16"
  resolved "https://registry.npmjs.org/@esbuild/win32-x64/-/win32-x64-0.16.16.tgz"

"@popperjs/core@^2.11.6":
  version "2.11.6"
  resolved "https://registry.npmjs.org/@popperjs/core/-/core-2.11.6.tgz"

"@vitejs/plugin-vue@^4.0.0":
  version "4.0.0"
  resolved "https://registry.npmjs.org/@vitejs/plugin-vue/-/plugin-vue-4.0.0.tgz"

"@vue/compiler-core@3.2.45":
  version "3.2.45"
  resolved "https://registry.npmjs.org/@vue/compiler-core/-/compiler-core-3.2.45.tgz"
  dependencies:
    "@babel/parser" "^7.16.4"
    "@vue/shared" "3.2.45"
    estree-walker "^2.0.2"
    source-map "^0.6.1"

"@vue/compiler-dom@3.2.45":
  version "3.2.45"
  resolved "https://registry.npmjs.org/@vue/compiler-dom/-/compiler-dom-3.2.45.tgz"
  dependencies:
    "@vue/compiler-core" "3.2.45"
    "@vue/shared" "3.2.45"

"@vue/compiler-sfc@3.2.45":
  version "3.2.45"
  resolved "https://registry.npmjs.org/@vue/compiler-sfc/-/compiler-sfc-3.2.45.tgz"
  dependencies:
    "@babel/parser" "^7.16.4"
    "@vue/compiler-core" "3.2.45"
    "@vue/compiler-dom" "3.2.45"
    "@vue/compiler-ssr" "3.2.45"
    "@vue/reactivity-transform" "3.2.45"
    "@vue/shared" "3.2.45"
    estree-walker "^2.0.2"
    magic-string "^0.25.7"
    postcss "^8.1.10"
    source-map "^0.6.1"

"@vue/compiler-ssr@3.2.45":
  version "3.2.45"
  resolved "https://registry.npmjs.org/@vue/compiler-ssr/-/compiler-ssr-3.2.45.tgz"
  dependencies:
    "@vue/compiler-dom" "3.2.45"
    "@vue/shared" "3.2.45"

"@vue/reactivity-transform@3.2.45":
  version "3.2.45"
  resolved "https://registry.npmjs.org/@vue/reactivity-transform/-/reactivity-transform-3.2.45.tgz"
  dependencies:
    "@babel/parser" "^7.16.4"
    "@vue/compiler-core" "3.2.45"
    "@vue/shared" "3.2.45"
    estree-walker "^2.0.2"
    magic-string "^0.25.7"

"@vue/reactivity@3.2.45":
  version "3.2.45"
  resolved "https://registry.npmjs.org/@vue/reactivity/-/reactivity-3.2.45.tgz"
  dependencies:
    "@vue/shared" "3.2.45"

"@vue/runtime-core@3.2.45":
  version "3.2.45"
  resolved "https://registry.npmjs.org/@vue/runtime-core/-/runtime-core-3.2.45.tgz"
  dependencies:
    "@vue/reactivity" "3.2.45"
    "@vue/shared" "3.2.45"

"@vue/runtime-dom@3.2.45":
  version "3.2.45"
  resolved "https://registry.npmjs.org/@vue/runtime-dom/-/runtime-dom-3.2.45.tgz"
  dependencies:
    "@vue/runtime-core" "3.2.45"
    "@vue/shared" "3.2.45"
    csstype "^2.6.8"

"@vue/server-renderer@3.2.45":
  version "3.2.45"
  resolved "https://registry.npmjs.org/@vue/server-renderer/-/server-renderer-3.2.45.tgz"
  dependencies:
    "@vue/compiler-ssr" "3.2.45"
    "@vue/shared" "3.2.45"

"@vue/shared@3.2.45":
  version "3.2.45"
  resolved "https://registry.npmjs.org/@vue/shared/-/shared-3.2.45.tgz"

asynckit@^0.4.0:
  version "0.4.0"
  resolved "https://registry.yarnpkg.com/asynckit/-/asynckit-0.4.0.tgz#c79ed97f7f34cb8f2ba1bc9790bcc366474b4b79"

axios@^1.2.2:
  version "1.2.2"
  resolved "https://registry.yarnpkg.com/axios/-/axios-1.2.2.tgz#72681724c6e6a43a9fea860fc558127dbe32f9f1"
  dependencies:
    follow-redirects "^1.15.0"
    form-data "^4.0.0"
    proxy-from-env "^1.1.0"

bootstrap@^5.2.3:
  version "5.2.3"
  resolved "https://registry.npmjs.org/bootstrap/-/bootstrap-5.2.3.tgz"

combined-stream@^1.0.8:
  version "1.0.8"
  resolved "https://registry.yarnpkg.com/combined-stream/-/combined-stream-1.0.8.tgz#c3d45a8b34fd730631a110a8a2520682b31d5a7f"
  dependencies:
    delayed-stream "~1.0.0"

csstype@^2.6.8:
  version "2.6.21"
  resolved "https://registry.npmjs.org/csstype/-/csstype-2.6.21.tgz"

delayed-stream@~1.0.0:
  version "1.0.0"
  resolved "https://registry.yarnpkg.com/delayed-stream/-/delayed-stream-1.0.0.tgz#df3ae199acadfb7d440aaae0b29e2272b24ec619"

esbuild@^0.16.3:
  version "0.16.16"
  resolved "https://registry.npmjs.org/esbuild/-/esbuild-0.16.16.tgz"
  optionalDependencies:
    "@esbuild/android-arm" "0.16.16"
    "@esbuild/android-arm64" "0.16.16"
    "@esbuild/android-x64" "0.16.16"
    "@esbuild/darwin-arm64" "0.16.16"
    "@esbuild/darwin-x64" "0.16.16"
    "@esbuild/freebsd-arm64" "0.16.16"
    "@esbuild/freebsd-x64" "0.16.16"
    "@esbuild/linux-arm" "0.16.16"
    "@esbuild/linux-arm64" "0.16.16"
    "@esbuild/linux-ia32" "0.16.16"
    "@esbuild/linux-loong64" "0.16.16"
    "@esbuild/linux-mips64el" "0.16.16"
    "@esbuild/linux-ppc64" "0.16.16"
    "@esbuild/linux-riscv64" "0.16.16"
    "@esbuild/linux-s390x" "0.16.16"
    "@esbuild/linux-x64" "0.16.16"
    "@esbuild/netbsd-x64" "0.16.16"
    "@esbuild/openbsd-x64" "0.16.16"
    "@esbuild/sunos-x64" "0.16.16"
    "@esbuild/win32-arm64" "0.16.16"
    "@esbuild/win32-ia32" "0.16.16"
    "@esbuild/win32-x64" "0.16.16"

estree-walker@^2.0.2:
  version "2.0.2"
  resolved "https://registry.npmjs.org/estree-walker/-/estree-walker-2.0.2.tgz"

follow-redirects@^1.15.0:
  version "1.15.2"
  resolved "https://registry.yarnpkg.com/follow-redirects/-/follow-redirects-1.15.2.tgz#b460864144ba63f2681096f274c4e57026da2c13"

form-data@^4.0.0:
  version "4.0.0"
  resolved "https://registry.yarnpkg.com/form-data/-/form-data-4.0.0.tgz#93919daeaf361ee529584b9b31664dc12c9fa452"
  dependencies:
    asynckit "^0.4.0"
    combined-stream "^1.0.8"
    mime-types "^2.1.12"

fsevents@~2.3.2:
  version "2.3.2"
  resolved "https://registry.yarnpkg.com/fsevents/-/fsevents-2.3.2.tgz#8a526f78b8fdf4623b709e0b975c52c24c02fd1a"

function-bind@^1.1.1:
  version "1.1.1"
  resolved "https://registry.npmjs.org/function-bind/-/function-bind-1.1.1.tgz"

has@^1.0.3:
  version "1.0.3"
  resolved "https://registry.npmjs.org/has/-/has-1.0.3.tgz"
  dependencies:
    function-bind "^1.1.1"

is-core-module@^2.9.0:
  version "2.11.0"
  resolved "https://registry.npmjs.org/is-core-module/-/is-core-module-2.11.0.tgz"
  dependencies:
    has "^1.0.3"

magic-string@^0.25.7:
  version "0.25.9"
  resolved "https://registry.npmjs.org/magic-string/-/magic-string-0.25.9.tgz"
  dependencies:
    sourcemap-codec "^1.4.8"

mime-db@1.52.0:
  version "1.52.0"
  resolved "https://registry.yarnpkg.com/mime-db/-/mime-db-1.52.0.tgz#bbabcdc02859f4987301c856e3387ce5ec43bf70"

mime-types@^2.1.12:
  version "2.1.35"
  resolved "https://registry.yarnpkg.com/mime-types/-/mime-types-2.1.35.tgz#381a871b62a734450660ae3deee44813f70d959a"
  dependencies:
    mime-db "1.52.0"

nanoid@^3.3.4:
  version "3.3.4"
  resolved "https://registry.npmjs.org/nanoid/-/nanoid-3.3.4.tgz"

path-parse@^1.0.7:
  version "1.0.7"
  resolved "https://registry.npmjs.org/path-parse/-/path-parse-1.0.7.tgz"

picocolors@^1.0.0:
  version "1.0.0"
  resolved "https://registry.npmjs.org/picocolors/-/picocolors-1.0.0.tgz"

postcss@^8.1.10, postcss@^8.4.20:
  version "8.4.21"
  resolved "https://registry.npmjs.org/postcss/-/postcss-8.4.21.tgz"
  dependencies:
    nanoid "^3.3.4"
    picocolors "^1.0.0"
    source-map-js "^1.0.2"

proxy-from-env@^1.1.0:
  version "1.1.0"
  resolved "https://registry.yarnpkg.com/proxy-from-env/-/proxy-from-env-1.1.0.tgz#e102f16ca355424865755d2c9e8ea4f24d58c3e2"

resolve@^1.22.1:
  version "1.22.1"
  resolved "https://registry.npmjs.org/resolve/-/resolve-1.22.1.tgz"
  dependencies:
    is-core-module "^2.9.0"
    path-parse "^1.0.7"
    supports-preserve-symlinks-flag "^1.0.0"

rollup@^3.7.0:
  version "3.9.1"
  resolved "https://registry.npmjs.org/rollup/-/rollup-3.9.1.tgz"
  optionalDependencies:
    fsevents "~2.3.2"

source-map-js@^1.0.2:
  version "1.0.2"
  resolved "https://registry.npmjs.org/source-map-js/-/source-map-js-1.0.2.tgz"

source-map@^0.6.1:
  version "0.6.1"
  resolved "https://registry.npmjs.org/source-map/-/source-map-0.6.1.tgz"

sourcemap-codec@^1.4.8:
  version "1.4.8"
  resolved "https://registry.npmjs.org/sourcemap-codec/-/sourcemap-codec-1.4.8.tgz"

supports-preserve-symlinks-flag@^1.0.0:
  version "1.0.0"
  resolved "https://registry.npmjs.org/supports-preserve-symlinks-flag/-/supports-preserve-symlinks-flag-1.0.0.tgz"

vite@^4.0.0:
  version "4.0.4"
  resolved "https://registry.npmjs.org/vite/-/vite-4.0.4.tgz"
  dependencies:
    esbuild "^0.16.3"
    postcss "^8.4.20"
    resolve "^1.22.1"
    rollup "^3.7.0"
  optionalDependencies:
    fsevents "~2.3.2"

vue@^3.2.45:
  version "3.2.45"
  resolved "https://registry.npmjs.org/vue/-/vue-3.2.45.tgz"
  dependencies:
    "@vue/compiler-dom" "3.2.45"
    "@vue/compiler-sfc" "3.2.45"
    "@vue/runtime-dom" "3.2.45"
    "@vue/server-renderer" "3.2.45"
    "@vue/shared" "3.2.45"
